
Microsoft Visual Studio Solution File, Format Version 12.00
# Visual Studio 15
VisualStudioVersion = 15.0.28307.1525
MinimumVisualStudioVersion = 10.0.40219.1
Project("{FAE04EC0-301F-11D3-BF4B-00C04F79EFBC}") = "Weather", "Weather\Weather.csproj", "{45084551-C994-4C58-8B29-6C05D63BA746}"
EndProject
Global
	GlobalSection(SolutionConfigurationPlatforms) = preSolution
		Debug|Any CPU = Debug|Any CPU
		Release|Any CPU = Release|Any CPU
	EndGlobalSection
	GlobalSection(ProjectConfigurationPlatforms) = postSolution
		{45084551-C994-4C58-8B29-6C05D63BA746}.Debug|Any CPU.ActiveCfg = Debug|Any CPU
		{45084551-C994-4C58-8B29-6C05D63BA746}.Debug|Any CPU.Build.0 = Debug|Any CPU
		{45084551-C994-4C58-8B29-6C05D63BA746}.Release|Any CPU.ActiveCfg = Release|Any CPU
		{45084551-C994-4C58-8B29-6C05D63BA746}.Release|Any CPU.Build.0 = Release|Any CPU
	EndGlobalSection
	GlobalSection(SolutionProperties) = preSolution
		HideSolutionNode = FALSE
	EndGlobalSection
	GlobalSection(ExtensibilityGlobals) = postSolution
		SolutionGuid = {2F78BDF6-C9EB-48B2-8734-69120953253C}
	EndGlobalSection
EndGlobal
